// !$*UTF8*$!
{
	archiveVersion = 1;
	classes = {
	};
	objectVersion = 77;
	objects = {

/* Begin PBXContainerItemProxy section */
		90186BB62E3A84F3007BA62F /* PBXContainerItemProxy */ = {
			isa = PBXContainerItemProxy;
			containerPortal = 90186BA02E3A84F1007BA62F /* Project object */;
			proxyType = 1;
			remoteGlobalIDString = 90186BA72E3A84F1007BA62F;
			remoteInfo = "hiding keyboard";
		};
		90186BC02E3A84F3007BA62F /* PBXContainerItemProxy */ = {
			isa = PBXContainerItemProxy;
			containerPortal = 90186BA02E3A84F1007BA62F /* Project object */;
			proxyType = 1;
			remoteGlobalIDString = 90186BA72E3A84F1007BA62F;
			remoteInfo = "hiding keyboard";
		};
/* End PBXContainerItemProxy section */

/* Begin PBXFileReference section */
		90186BA82E3A84F1007BA62F /* hiding keyboard.app */ = {isa = PBXFileReference; explicitFileType = wrapper.application; includeInIndex = 0; path = "hiding keyboard.app"; sourceTree = BUILT_PRODUCTS_DIR; };
		90186BB52E3A84F3007BA62F /* hiding keyboardTests.xctest */ = {isa = PBXFileReference; explicitFileType = wrapper.cfbundle; includeInIndex = 0; path = "hiding keyboardTests.xctest"; sourceTree = BUILT_PRODUCTS_DIR; };
		90186BBF2E3A84F3007BA62F /* hiding keyboardUITests.xctest */ = {isa = PBXFileReference; explicitFileType = wrapper.cfbundle; includeInIndex = 0; path = "hiding keyboardUITests.xctest"; sourceTree = BUILT_PRODUCTS_DIR; };
/* End PBXFileReference section */

/* Begin PBXFileSystemSynchronizedRootGroup section */
		90186BAA2E3A84F1007BA62F /* hiding keyboard */ = {
			isa = PBXFileSystemSynchronizedRootGroup;
			path = "hiding keyboard";
			sourceTree = "<group>";
		};
		90186BB82E3A84F3007BA62F /* hiding keyboardTests */ = {
			isa = PBXFileSystemSynchronizedRootGroup;
			path = "hiding keyboardTests";
			sourceTree = "<group>";
		};
		90186BC22E3A84F3007BA62F /* hiding keyboardUITests */ = {
			isa = PBXFileSystemSynchronizedRootGroup;
			path = "hiding keyboardUITests";
			sourceTree = "<group>";
		};
/* End PBXFileSystemSynchronizedRootGroup section */

/* Begin PBXFrameworksBuildPhase section */
		90186BA52E3A84F1007BA62F /* Frameworks */ = {
			isa = PBXFrameworksBuildPhase;
			buildActionMask = 2147483647;
			files = (
			);
			runOnlyForDeploymentPostprocessing = 0;
		};
		90186BB22E3A84F3007BA62F /* Frameworks */ = {
			isa = PBXFrameworksBuildPhase;
			buildActionMask = 2147483647;
			files = (
			);
			runOnlyForDeploymentPostprocessing = 0;
		};
		90186BBC2E3A84F3007BA62F /* Frameworks */ = {
			isa = PBXFrameworksBuildPhase;
			buildActionMask = 2147483647;
			files = (
			);
			runOnlyForDeploymentPostprocessing = 0;
		};
/* End PBXFrameworksBuildPhase section */

/* Begin PBXGroup section */
		90186B9F2E3A84F1007BA62F = {
			isa = PBXGroup;
			children = (
				90186BAA2E3A84F1007BA62F /* hiding keyboard */,
				90186BB82E3A84F3007BA62F /* hiding keyboardTests */,
				90186BC22E3A84F3007BA62F /* hiding keyboardUITests */,
				90186BA92E3A84F1007BA62F /* Products */,
			);
			sourceTree = "<group>";
		};
		90186BA92E3A84F1007BA62F /* Products */ = {
			isa = PBXGroup;
			children = (
				90186BA82E3A84F1007BA62F /* hiding keyboard.app */,
				90186BB52E3A84F3007BA62F /* hiding keyboardTests.xctest */,
				90186BBF2E3A84F3007BA62F /* hiding keyboardUITests.xctest */,
			);
			name = Products;
			sourceTree = "<group>";
		};
/* End PBXGroup section */

/* Begin PBXNativeTarget section */
		90186BA72E3A84F1007BA62F /* hiding keyboard */ = {
			isa = PBXNativeTarget;
			buildConfigurationList = 90186BC92E3A84F3007BA62F /* Build configuration list for PBXNativeTarget "hiding keyboard" */;
			buildPhases = (
				90186BA42E3A84F1007BA62F /* Sources */,
				90186BA52E3A84F1007BA62F /* Frameworks */,
				90186BA62E3A84F1007BA62F /* Resources */,
			);
			buildRules = (
			);
			dependencies = (
			);
			fileSystemSynchronizedGroups = (
				90186BAA2E3A84F1007BA62F /* hiding keyboard */,
			);
			name = "hiding keyboard";
			packageProductDependencies = (
			);
			productName = "hiding keyboard";
			productReference = 90186BA82E3A84F1007BA62F /* hiding keyboard.app */;
			productType = "com.apple.product-type.application";
		};
		90186BB42E3A84F3007BA62F /* hiding keyboardTests */ = {
			isa = PBXNativeTarget;
			buildConfigurationList = 90186BCC2E3A84F3007BA62F /* Build configuration list for PBXNativeTarget "hiding keyboardTests" */;
			buildPhases = (
				90186BB12E3A84F3007BA62F /* Sources */,
				90186BB22E3A84F3007BA62F /* Frameworks */,
				90186BB32E3A84F3007BA62F /* Resources */,
			);
			buildRules = (
			);
			dependencies = (
				90186BB72E3A84F3007BA62F /* PBXTargetDependency */,
			);
			fileSystemSynchronizedGroups = (
				90186BB82E3A84F3007BA62F /* hiding keyboardTests */,
			);
			name = "hiding keyboardTests";
			packageProductDependencies = (
			);
			productName = "hiding keyboardTests";
			productReference = 90186BB52E3A84F3007BA62F /* hiding keyboardTests.xctest */;
			productType = "com.apple.product-type.bundle.unit-test";
		};
		90186BBE2E3A84F3007BA62F /* hiding keyboardUITests */ = {
			isa = PBXNativeTarget;
			buildConfigurationList = 90186BCF2E3A84F3007BA62F /* Build configuration list for PBXNativeTarget "hiding keyboardUITests" */;
			buildPhases = (
				90186BBB2E3A84F3007BA62F /* Sources */,
				90186BBC2E3A84F3007BA62F /* Frameworks */,
				90186BBD2E3A84F3007BA62F /* Resources */,
			);
			buildRules = (
			);
			dependencies = (
				90186BC12E3A84F3007BA62F /* PBXTargetDependency */,
			);
			fileSystemSynchronizedGroups = (
				90186BC22E3A84F3007BA62F /* hiding keyboardUITests */,
			);
			name = "hiding keyboardUITests";
			packageProductDependencies = (
			);
			productName = "hiding keyboardUITests";
			productReference = 90186BBF2E3A84F3007BA62F /* hiding keyboardUITests.xctest */;
			productType = "com.apple.product-type.bundle.ui-testing";
		};
/* End PBXNativeTarget section */

/* Begin PBXProject section */
		90186BA02E3A84F1007BA62F /* Project object */ = {
			isa = PBXProject;
			attributes = {
				BuildIndependentTargetsInParallel = 1;
				LastSwiftUpdateCheck = 1640;
				LastUpgradeCheck = 1640;
				TargetAttributes = {
					90186BA72E3A84F1007BA62F = {
						CreatedOnToolsVersion = 16.4;
					};
					90186BB42E3A84F3007BA62F = {
						CreatedOnToolsVersion = 16.4;
						TestTargetID = 90186BA72E3A84F1007BA62F;
					};
					90186BBE2E3A84F3007BA62F = {
						CreatedOnToolsVersion = 16.4;
						TestTargetID = 90186BA72E3A84F1007BA62F;
					};
				};
			};
			buildConfigurationList = 90186BA32E3A84F1007BA62F /* Build configuration list for PBXProject "hiding keyboard" */;
			developmentRegion = en;
			hasScannedForEncodings = 0;
			knownRegions = (
				en,
				Base,
			);
			mainGroup = 90186B9F2E3A84F1007BA62F;
			minimizedProjectReferenceProxies = 1;
			preferredProjectObjectVersion = 77;
			productRefGroup = 90186BA92E3A84F1007BA62F /* Products */;
			projectDirPath = "";
			projectRoot = "";
			targets = (
				90186BA72E3A84F1007BA62F /* hiding keyboard */,
				90186BB42E3A84F3007BA62F /* hiding keyboardTests */,
				90186BBE2E3A84F3007BA62F /* hiding keyboardUITests */,
			);
		};
/* End PBXProject section */

/* Begin PBXResourcesBuildPhase section */
		90186BA62E3A84F1007BA62F /* Resources */ = {
			isa = PBXResourcesBuildPhase;
			buildActionMask = 2147483647;
			files = (
			);
			runOnlyForDeploymentPostprocessing = 0;
		};
		90186BB32E3A84F3007BA62F /* Resources */ = {
			isa = PBXResourcesBuildPhase;
			buildActionMask = 2147483647;
			files = (
			);
			runOnlyForDeploymentPostprocessing = 0;
		};
		90186BBD2E3A84F3007BA62F /* Resources */ = {
			isa = PBXResourcesBuildPhase;
			buildActionMask = 2147483647;
			files = (
			);
			runOnlyForDeploymentPostprocessing = 0;
		};
/* End PBXResourcesBuildPhase section */

/* Begin PBXSourcesBuildPhase section */
		90186BA42E3A84F1007BA62F /* Sources */ = {
			isa = PBXSourcesBuildPhase;
			buildActionMask = 2147483647;
			files = (
			);
			runOnlyForDeploymentPostprocessing = 0;
		};
		90186BB12E3A84F3007BA62F /* Sources */ = {
			isa = PBXSourcesBuildPhase;
			buildActionMask = 2147483647;
			files = (
			);
			runOnlyForDeploymentPostprocessing = 0;
		};
		90186BBB2E3A84F3007BA62F /* Sources */ = {
			isa = PBXSourcesBuildPhase;
			buildActionMask = 2147483647;
			files = (
			);
			runOnlyForDeploymentPostprocessing = 0;
		};
/* End PBXSourcesBuildPhase section */

/* Begin PBXTargetDependency section */
		90186BB72E3A84F3007BA62F /* PBXTargetDependency */ = {
			isa = PBXTargetDependency;
			target = 90186BA72E3A84F1007BA62F /* hiding keyboard */;
			targetProxy = 90186BB62E3A84F3007BA62F /* PBXContainerItemProxy */;
		};
		90186BC12E3A84F3007BA62F /* PBXTargetDependency */ = {
			isa = PBXTargetDependency;
			target = 90186BA72E3A84F1007BA62F /* hiding keyboard */;
			targetProxy = 90186BC02E3A84F3007BA62F /* PBXContainerItemProxy */;
		};
/* End PBXTargetDependency section */

/* Begin XCBuildConfiguration section */
		90186BC72E3A84F3007BA62F /* Debug */ = {
			isa = XCBuildConfiguration;
			buildSettings = {
				ALWAYS_SEARCH_USER_PATHS = NO;
				ASSETCATALOG_COMPILER_GENERATE_SWIFT_ASSET_SYMBOL_EXTENSIONS = YES;
				CLANG_ANALYZER_NONNULL = YES;
				CLANG_ANALYZER_NUMBER_OBJECT_CONVERSION = YES_AGGRESSIVE;
				CLANG_CXX_LANGUAGE_STANDARD = "gnu++20";
				CLANG_ENABLE_MODULES = YES;
				CLANG_ENABLE_OBJC_ARC = YES;
				CLANG_ENABLE_OBJC_WEAK = YES;
				CLANG_WARN_BLOCK_CAPTURE_AUTORELEASING = YES;
				CLANG_WARN_BOOL_CONVERSION = YES;
				CLANG_WARN_COMMA = YES;
				CLANG_WARN_CONSTANT_CONVERSION = YES;
				CLANG_WARN_DEPRECATED_OBJC_IMPLEMENTATIONS = YES;
				CLANG_WARN_DIRECT_OBJC_ISA_USAGE = YES_ERROR;
				CLANG_WARN_DOCUMENTATION_COMMENTS = YES;
				CLANG_WARN_EMPTY_BODY = YES;
				CLANG_WARN_ENUM_CONVERSION = YES;
				CLANG_WARN_INFINITE_RECURSION = YES;
				CLANG_WARN_INT_CONVERSION = YES;
				CLANG_WARN_NON_LITERAL_NULL_CONVERSION = YES;
				CLANG_WARN_OBJC_IMPLICIT_RETAIN_SELF = YES;
				CLANG_WARN_OBJC_LITERAL_CONVERSION = YES;
				CLANG_WARN_OBJC_ROOT_CLASS = YES_ERROR;
				CLANG_WARN_QUOTED_INCLUDE_IN_FRAMEWORK_HEADER = YES;
				CLANG_WARN_RANGE_LOOP_ANALYSIS = YES;
				CLANG_WARN_STRICT_PROTOTYPES = YES;
				CLANG_WARN_SUSPICIOUS_MOVE = YES;
				CLANG_WARN_UNGUARDED_AVAILABILITY = YES_AGGRESSIVE;
				CLANG_WARN_UNREACHABLE_CODE = YES;
				CLANG_WARN__DUPLICATE_METHOD_MATCH = YES;
				COPY_PHASE_STRIP = NO;
				DEBUG_INFORMATION_FORMAT = dwarf;
				ENABLE_STRICT_OBJC_MSGSEND = YES;
				ENABLE_TESTABILITY = YES;
				ENABLE_USER_SCRIPT_SANDBOXING = YES;
				GCC_C_LANGUAGE_STANDARD = gnu17;
				GCC_DYNAMIC_NO_PIC = NO;
				GCC_NO_COMMON_BLOCKS = YES;
				GCC_OPTIMIZATION_LEVEL = 0;
				GCC_PREPROCESSOR_DEFINITIONS = (
					"DEBUG=1",
					"$(inherited)",
				);
				GCC_WARN_64_TO_32_BIT_CONVERSION = YES;
				GCC_WARN_ABOUT_RETURN_TYPE = YES_ERROR;
				GCC_WARN_UNDECLARED_SELECTOR = YES;
				GCC_WARN_UNINITIALIZED_AUTOS = YES_AGGRESSIVE;
				GCC_WARN_UNUSED_FUNCTION = YES;
				GCC_WARN_UNUSED_VARIABLE = YES;
				IPHONEOS_DEPLOYMENT_TARGET = 18.5;
				LOCALIZATION_PREFERS_STRING_CATALOGS = YES;
				MTL_ENABLE_DEBUG_INFO = INCLUDE_SOURCE;
				MTL_FAST_MATH = YES;
				ONLY_ACTIVE_ARCH = YES;
				SDKROOT = iphoneos;
				SWIFT_ACTIVE_COMPILATION_CONDITIONS = "DEBUG $(inherited)";
				SWIFT_OPTIMIZATION_LEVEL = "-Onone";
			};
			name = Debug;
		};
		90186BC82E3A84F3007BA62F /* Release */ = {
			isa = XCBuildConfiguration;
			buildSettings = {
				ALWAYS_SEARCH_USER_PATHS = NO;
				ASSETCATALOG_COMPILER_GENERATE_SWIFT_ASSET_SYMBOL_EXTENSIONS = YES;
				CLANG_ANALYZER_NONNULL = YES;
				CLANG_ANALYZER_NUMBER_OBJECT_CONVERSION = YES_AGGRESSIVE;
				CLANG_CXX_LANGUAGE_STANDARD = "gnu++20";
				CLANG_ENABLE_MODULES = YES;
				CLANG_ENABLE_OBJC_ARC = YES;
				CLANG_ENABLE_OBJC_WEAK = YES;
				CLANG_WARN_BLOCK_CAPTURE_AUTORELEASING = YES;
				CLANG_WARN_BOOL_CONVERSION = YES;
				CLANG_WARN_COMMA = YES;
				CLANG_WARN_CONSTANT_CONVERSION = YES;
				CLANG_WARN_DEPRECATED_OBJC_IMPLEMENTATIONS = YES;
				CLANG_WARN_DIRECT_OBJC_ISA_USAGE = YES_ERROR;
				CLANG_WARN_DOCUMENTATION_COMMENTS = YES;
				CLANG_WARN_EMPTY_BODY = YES;
				CLANG_WARN_ENUM_CONVERSION = YES;
				CLANG_WARN_INFINITE_RECURSION = YES;
				CLANG_WARN_INT_CONVERSION = YES;
				CLANG_WARN_NON_LITERAL_NULL_CONVERSION = YES;
				CLANG_WARN_OBJC_IMPLICIT_RETAIN_SELF = YES;
				CLANG_WARN_OBJC_LITERAL_CONVERSION = YES;
				CLANG_WARN_OBJC_ROOT_CLASS = YES_ERROR;
				CLANG_WARN_QUOTED_INCLUDE_IN_FRAMEWORK_HEADER = YES;
				CLANG_WARN_RANGE_LOOP_ANALYSIS = YES;
				CLANG_WARN_STRICT_PROTOTYPES = YES;
				CLANG_WARN_SUSPICIOUS_MOVE = YES;
				CLANG_WARN_UNGUARDED_AVAILABILITY = YES_AGGRESSIVE;
				CLANG_WARN_UNREACHABLE_CODE = YES;
				CLANG_WARN__DUPLICATE_METHOD_MATCH = YES;
				COPY_PHASE_STRIP = NO;
				DEBUG_INFORMATION_FORMAT = "dwarf-with-dsym";
				ENABLE_NS_ASSERTIONS = NO;
				ENABLE_STRICT_OBJC_MSGSEND = YES;
				ENABLE_USER_SCRIPT_SANDBOXING = YES;
				GCC_C_LANGUAGE_STANDARD = gnu17;
				GCC_NO_COMMON_BLOCKS = YES;
				GCC_WARN_64_TO_32_BIT_CONVERSION = YES;
				GCC_WARN_ABOUT_RETURN_TYPE = YES_ERROR;
				GCC_WARN_UNDECLARED_SELECTOR = YES;
				GCC_WARN_UNINITIALIZED_AUTOS = YES_AGGRESSIVE;
				GCC_WARN_UNUSED_FUNCTION = YES;
				GCC_WARN_UNUSED_VARIABLE = YES;
				IPHONEOS_DEPLOYMENT_TARGET = 18.5;
				LOCALIZATION_PREFERS_STRING_CATALOGS = YES;
				MTL_ENABLE_DEBUG_INFO = NO;
				MTL_FAST_MATH = YES;
				SDKROOT = iphoneos;
				SWIFT_COMPILATION_MODE = wholemodule;
				VALIDATE_PRODUCT = YES;
			};
			name = Release;
		};
		90186BCA2E3A84F3007BA62F /* Debug */ = {
			isa = XCBuildConfiguration;
			buildSettings = {
				ASSETCATALOG_COMPILER_APPICON_NAME = AppIcon;
				ASSETCATALOG_COMPILER_GLOBAL_ACCENT_COLOR_NAME = AccentColor;
				CODE_SIGN_STYLE = Automatic;
				CURRENT_PROJECT_VERSION = 1;
				ENABLE_PREVIEWS = YES;
				GENERATE_INFOPLIST_FILE = YES;
				INFOPLIST_KEY_UIApplicationSceneManifest_Generation = YES;
				INFOPLIST_KEY_UIApplicationSupportsIndirectInputEvents = YES;
				INFOPLIST_KEY_UILaunchScreen_Generation = YES;
				INFOPLIST_KEY_UISupportedInterfaceOrientations_iPad = "UIInterfaceOrientationPortrait UIInterfaceOrientationPortraitUpsideDown UIInterfaceOrientationLandscapeLeft UIInterfaceOrientationLandscapeRight";
				INFOPLIST_KEY_UISupportedInterfaceOrientations_iPhone = "UIInterfaceOrientationPortrait UIInterfaceOrientationLandscapeLeft UIInterfaceOrientationLandscapeRight";
				LD_RUNPATH_SEARCH_PATHS = (
					"$(inherited)",
					"@executable_path/Frameworks",
				);
				MARKETING_VERSION = 1.0;
				PRODUCT_BUNDLE_IDENTIFIER = "com.roytuxrueProductions.hiding-keyboard";
				PRODUCT_NAME = "$(TARGET_NAME)";
				SWIFT_EMIT_LOC_STRINGS = YES;
				SWIFT_VERSION = 5.0;
				TARGETED_DEVICE_FAMILY = "1,2";
			};
			name = Debug;
		};
		90186BCB2E3A84F3007BA62F /* Release */ = {
			isa = XCBuildConfiguration;
			buildSettings = {
				ASSETCATALOG_COMPILER_APPICON_NAME = AppIcon;
				ASSETCATALOG_COMPILER_GLOBAL_ACCENT_COLOR_NAME = AccentColor;
				CODE_SIGN_STYLE = Automatic;
				CURRENT_PROJECT_VERSION = 1;
				ENABLE_PREVIEWS = YES;
				GENERATE_INFOPLIST_FILE = YES;
				INFOPLIST_KEY_UIApplicationSceneManifest_Generation = YES;
				INFOPLIST_KEY_UIApplicationSupportsIndirectInputEvents = YES;
				INFOPLIST_KEY_UILaunchScreen_Generation = YES;
				INFOPLIST_KEY_UISupportedInterfaceOrientations_iPad = "UIInterfaceOrientationPortrait UIInterfaceOrientationPortraitUpsideDown UIInterfaceOrientationLandscapeLeft UIInterfaceOrientationLandscapeRight";
				INFOPLIST_KEY_UISupportedInterfaceOrientations_iPhone = "UIInterfaceOrientationPortrait UIInterfaceOrientationLandscapeLeft UIInterfaceOrientationLandscapeRight";
				LD_RUNPATH_SEARCH_PATHS = (
					"$(inherited)",
					"@executable_path/Frameworks",
				);
				MARKETING_VERSION = 1.0;
				PRODUCT_BUNDLE_IDENTIFIER = "com.roytuxrueProductions.hiding-keyboard";
				PRODUCT_NAME = "$(TARGET_NAME)";
				SWIFT_EMIT_LOC_STRINGS = YES;
				SWIFT_VERSION = 5.0;
				TARGETED_DEVICE_FAMILY = "1,2";
			};
			name = Release;
		};
		90186BCD2E3A84F3007BA62F /* Debug */ = {
			isa = XCBuildConfiguration;
			buildSettings = {
				BUNDLE_LOADER = "$(TEST_HOST)";
				CODE_SIGN_STYLE = Automatic;
				CURRENT_PROJECT_VERSION = 1;
				GENERATE_INFOPLIST_FILE = YES;
				IPHONEOS_DEPLOYMENT_TARGET = 18.5;
				MARKETING_VERSION = 1.0;
				PRODUCT_BUNDLE_IDENTIFIER = "com.roytuxrueProductions.hiding-keyboardTests";
				PRODUCT_NAME = "$(TARGET_NAME)";
				SWIFT_EMIT_LOC_STRINGS = NO;
				SWIFT_VERSION = 5.0;
				TARGETED_DEVICE_FAMILY = "1,2";
				TEST_HOST = "$(BUILT_PRODUCTS_DIR)/hiding keyboard.app/$(BUNDLE_EXECUTABLE_FOLDER_PATH)/hiding keyboard";
			};
			name = Debug;
		};
		90186BCE2E3A84F3007BA62F /* Release */ = {
			isa = XCBuildConfiguration;
			buildSettings = {
				BUNDLE_LOADER = "$(TEST_HOST)";
				CODE_SIGN_STYLE = Automatic;
				CURRENT_PROJECT_VERSION = 1;
				GENERATE_INFOPLIST_FILE = YES;
				IPHONEOS_DEPLOYMENT_TARGET = 18.5;
				MARKETING_VERSION = 1.0;
				PRODUCT_BUNDLE_IDENTIFIER = "com.roytuxrueProductions.hiding-keyboardTests";
				PRODUCT_NAME = "$(TARGET_NAME)";
				SWIFT_EMIT_LOC_STRINGS = NO;
				SWIFT_VERSION = 5.0;
				TARGETED_DEVICE_FAMILY = "1,2";
				TEST_HOST = "$(BUILT_PRODUCTS_DIR)/hiding keyboard.app/$(BUNDLE_EXECUTABLE_FOLDER_PATH)/hiding keyboard";
			};
			name = Release;
		};
		90186BD02E3A84F3007BA62F /* Debug */ = {
			isa = XCBuildConfiguration;
			buildSettings = {
				CODE_SIGN_STYLE = Automatic;
				CURRENT_PROJECT_VERSION = 1;
				GENERATE_INFOPLIST_FILE = YES;
				MARKETING_VERSION = 1.0;
				PRODUCT_BUNDLE_IDENTIFIER = "com.roytuxrueProductions.hiding-keyboardUITests";
				PRODUCT_NAME = "$(TARGET_NAME)";
				SWIFT_EMIT_LOC_STRINGS = NO;
				SWIFT_VERSION = 5.0;
				TARGETED_DEVICE_FAMILY = "1,2";
				TEST_TARGET_NAME = "hiding keyboard";
			};
			name = Debug;
		};
		90186BD12E3A84F3007BA62F /* Release */ = {
			isa = XCBuildConfiguration;
			buildSettings = {
				CODE_SIGN_STYLE = Automatic;
				CURRENT_PROJECT_VERSION = 1;
				GENERATE_INFOPLIST_FILE = YES;
				MARKETING_VERSION = 1.0;
				PRODUCT_BUNDLE_IDENTIFIER = "com.roytuxrueProductions.hiding-keyboardUITests";
				PRODUCT_NAME = "$(TARGET_NAME)";
				SWIFT_EMIT_LOC_STRINGS = NO;
				SWIFT_VERSION = 5.0;
				TARGETED_DEVICE_FAMILY = "1,2";
				TEST_TARGET_NAME = "hiding keyboard";
			};
			name = Release;
		};
/* End XCBuildConfiguration section */

/* Begin XCConfigurationList section */
		90186BA32E3A84F1007BA62F /* Build configuration list for PBXProject "hiding keyboard" */ = {
			isa = XCConfigurationList;
			buildConfigurations = (
				90186BC72E3A84F3007BA62F /* Debug */,
				90186BC82E3A84F3007BA62F /* Release */,
			);
			defaultConfigurationIsVisible = 0;
			defaultConfigurationName = Release;
		};
		90186BC92E3A84F3007BA62F /* Build configuration list for PBXNativeTarget "hiding keyboard" */ = {
			isa = XCConfigurationList;
			buildConfigurations = (
				90186BCA2E3A84F3007BA62F /* Debug */,
				90186BCB2E3A84F3007BA62F /* Release */,
			);
			defaultConfigurationIsVisible = 0;
			defaultConfigurationName = Release;
		};
		90186BCC2E3A84F3007BA62F /* Build configuration list for PBXNativeTarget "hiding keyboardTests" */ = {
			isa = XCConfigurationList;
			buildConfigurations = (
				90186BCD2E3A84F3007BA62F /* Debug */,
				90186BCE2E3A84F3007BA62F /* Release */,
			);
			defaultConfigurationIsVisible = 0;
			defaultConfigurationName = Release;
		};
		90186BCF2E3A84F3007BA62F /* Build configuration list for PBXNativeTarget "hiding keyboardUITests" */ = {
			isa = XCConfigurationList;
			buildConfigurations = (
				90186BD02E3A84F3007BA62F /* Debug */,
				90186BD12E3A84F3007BA62F /* Release */,
			);
			defaultConfigurationIsVisible = 0;
			defaultConfigurationName = Release;
		};
/* End XCConfigurationList section */
	};
	rootObject = 90186BA02E3A84F1007BA62F /* Project object */;
}
